
Microsoft Visual Studio Solution File, Format Version 12.00
# Visual Studio Version 17
VisualStudioVersion = 17.5.001.0
MinimumVisualStudioVersion = 10.0.40219.1
Project("{9A19103F-16F7-4668-BE54-9A1E7A4F7556}") = "BlazingShop", "BlazingShop.csproj", "{C07F096A-038B-4BE7-916E-A2A3E3E6DB27}"
EndProject
Global
	GlobalSection(SolutionConfigurationPlatforms) = preSolution
		Debug|Any CPU = Debug|Any CPU
		Release|Any CPU = Release|Any CPU
	EndGlobalSection
	GlobalSection(ProjectConfigurationPlatforms) = postSolution
		{C07F096A-038B-4BE7-916E-A2A3E3E6DB27}.Debug|Any CPU.ActiveCfg = Debug|Any CPU
		{C07F096A-038B-4BE7-916E-A2A3E3E6DB27}.Debug|Any CPU.Build.0 = Debug|Any CPU
		{C07F096A-038B-4BE7-916E-A2A3E3E6DB27}.Release|Any CPU.ActiveCfg = Release|Any CPU
		{C07F096A-038B-4BE7-916E-A2A3E3E6DB27}.Release|Any CPU.Build.0 = Release|Any CPU
	EndGlobalSection
	GlobalSection(SolutionProperties) = preSolution
		HideSolutionNode = FALSE
	EndGlobalSection
	GlobalSection(ExtensibilityGlobals) = postSolution
		SolutionGuid = {BA9FF58C-B1DB-4F6D-98A4-807337461120}
	EndGlobalSection
EndGlobal
